{
    "_readme": [
        "This file locks the dependencies of your project to a known state",
        "Read more about it at http://getcomposer.org/doc/01-basic-usage.md#composer-lock-the-lock-file"
    ],
    "hash": "e23efb3771043db63c2aff6eec55c0d2",
    "packages": [
        {
            "name": "corneltek/getoptionkit",
            "version": "1.2.4",
            "source": {
                "type": "git",
                "url": "https://github.com/c9s/php-GetOptionKit.git",
                "reference": "8f99bfb86c9d04acae76a6c0f05e24c89079a2da"
            },
            "dist": {
                "type": "zip",
                "url": "https://api.github.com/repos/c9s/php-GetOptionKit/zipball/8f99bfb86c9d04acae76a6c0f05e24c89079a2da",
                "reference": "8f99bfb86c9d04acae76a6c0f05e24c89079a2da",
                "shasum": ""
            },
            "require": {
                "php": ">=5.3.0"
            },
            "require-dev": {
                "corneltek/phpunit-testmore": "dev-master"
            },
            "type": "library",
            "autoload": {
                "psr-0": {
                    "GetOptionKit": "src"
                }
            },
            "notification-url": "https://packagist.org/downloads/",
            "license": [
                "MIT"
            ],
            "authors": [
                {
                    "name": "Yo-An Lin",
                    "email": "cornelius.howl@gmail.com",
                    "homepage": "http://c9s.me"
                }
            ],
            "description": "Powerful command-line option toolkit",
            "homepage": "http://github.com/c9s/GetOptionKit",
            "time": "2013-07-18 12:15:20"
        }
    ],
    "packages-dev": [

    ],
    "aliases": [

    ],
    "minimum-stability": "stable",
    "stability-flags": [

    ],
    "platform": [

    ],
    "platform-dev": [

    ]
}
